
Microsoft Visual Studio Solution File, Format Version 12.00
# Visual Studio Version 17
VisualStudioVersion = 17.2.32630.192
MinimumVisualStudioVersion = 10.0.40219.1
Project("{9A19103F-16F7-4668-BE54-9A1E7A4F7556}") = "TopCsvProject", "TopCsv\TopCsvProject.csproj", "{AB98E8AC-E5A4-479B-86E1-77158F158939}"
EndProject
Project("{9A19103F-16F7-4668-BE54-9A1E7A4F7556}") = "TopCsvTests", "TopCsvTests\TopCsvTests.csproj", "{8B7D9525-20F2-49A8-AD40-9C6102087F6C}"
EndProject
Project("{2150E333-8FDC-42A3-9474-1A3956D46DE8}") = "Solution Items", "Solution Items", "{1CDB2380-9646-457F-B35D-0A2894AD526F}"
	ProjectSection(SolutionItems) = preProject
		paket.dependencies = paket.dependencies
	EndProjectSection
EndProject
Project("{9A19103F-16F7-4668-BE54-9A1E7A4F7556}") = "MinimalFileSystemApi", "paket-files\github.com\devdimi\SimpleFileSystemAbstraction\MinimalFileSystemApi\MinimalFileSystemApi.csproj", "{185FC2A6-0A71-4861-8949-4A519CCBA862}"
EndProject
Global
	GlobalSection(SolutionConfigurationPlatforms) = preSolution
		Debug|Any CPU = Debug|Any CPU
		Release|Any CPU = Release|Any CPU
	EndGlobalSection
	GlobalSection(ProjectConfigurationPlatforms) = postSolution
		{AB98E8AC-E5A4-479B-86E1-77158F158939}.Debug|Any CPU.ActiveCfg = Debug|Any CPU
		{AB98E8AC-E5A4-479B-86E1-77158F158939}.Debug|Any CPU.Build.0 = Debug|Any CPU
		{AB98E8AC-E5A4-479B-86E1-77158F158939}.Release|Any CPU.ActiveCfg = Release|Any CPU
		{AB98E8AC-E5A4-479B-86E1-77158F158939}.Release|Any CPU.Build.0 = Release|Any CPU
		{8B7D9525-20F2-49A8-AD40-9C6102087F6C}.Debug|Any CPU.ActiveCfg = Debug|Any CPU
		{8B7D9525-20F2-49A8-AD40-9C6102087F6C}.Debug|Any CPU.Build.0 = Debug|Any CPU
		{8B7D9525-20F2-49A8-AD40-9C6102087F6C}.Release|Any CPU.ActiveCfg = Release|Any CPU
		{8B7D9525-20F2-49A8-AD40-9C6102087F6C}.Release|Any CPU.Build.0 = Release|Any CPU
		{185FC2A6-0A71-4861-8949-4A519CCBA862}.Debug|Any CPU.ActiveCfg = Debug|Any CPU
		{185FC2A6-0A71-4861-8949-4A519CCBA862}.Debug|Any CPU.Build.0 = Debug|Any CPU
		{185FC2A6-0A71-4861-8949-4A519CCBA862}.Release|Any CPU.ActiveCfg = Release|Any CPU
		{185FC2A6-0A71-4861-8949-4A519CCBA862}.Release|Any CPU.Build.0 = Release|Any CPU
	EndGlobalSection
	GlobalSection(SolutionProperties) = preSolution
		HideSolutionNode = FALSE
	EndGlobalSection
	GlobalSection(ExtensibilityGlobals) = postSolution
		SolutionGuid = {769D3F1D-E9EB-4CA0-89D6-CBFC3400C45A}
	EndGlobalSection
EndGlobal
